// !$*UTF8*$!
{
	archiveVersion = 1;
	classes = {
	};
	objectVersion = 50;
	objects = {

/* Begin PBXBuildFile section */
		2C03D0B024D2928000E00FA5 /* SectionHeader.swift in Sources */ = {isa = PBXBuildFile; fileRef = 2C03D0AF24D2928000E00FA5 /* SectionHeader.swift */; };
		2C37381C24B9762E00E05654 /* UITextField.swift in Sources */ = {isa = PBXBuildFile; fileRef = 2C37381B24B9762E00E05654 /* UITextField.swift */; };
		2C4ED4B624ABD6B800FD05D4 /* CoreDataStack.swift in Sources */ = {isa = PBXBuildFile; fileRef = 2C4ED4B524ABD6B800FD05D4 /* CoreDataStack.swift */; };
		2C5258D224B2D164005D662D /* ColorGrid.swift in Sources */ = {isa = PBXBuildFile; fileRef = 2C5258D124B2D164005D662D /* ColorGrid.swift */; };
		2C5258D424B2D4E6005D662D /* NewProjectVC.swift in Sources */ = {isa = PBXBuildFile; fileRef = 2C5258D324B2D4E6005D662D /* NewProjectVC.swift */; };
		2C5258D624B2E419005D662D /* CustomColor.swift in Sources */ = {isa = PBXBuildFile; fileRef = 2C5258D524B2E419005D662D /* CustomColor.swift */; };
		2C8242D524DA7209006BC447 /* Task+CoreDataClass.swift in Sources */ = {isa = PBXBuildFile; fileRef = 2C8242D124DA7209006BC447 /* Task+CoreDataClass.swift */; };
		2C8242D624DA7209006BC447 /* Task+CoreDataProperties.swift in Sources */ = {isa = PBXBuildFile; fileRef = 2C8242D224DA7209006BC447 /* Task+CoreDataProperties.swift */; };
		2C8242D724DA7209006BC447 /* Project+CoreDataClass.swift in Sources */ = {isa = PBXBuildFile; fileRef = 2C8242D324DA7209006BC447 /* Project+CoreDataClass.swift */; };
		2C8242D824DA7209006BC447 /* Project+CoreDataProperties.swift in Sources */ = {isa = PBXBuildFile; fileRef = 2C8242D424DA7209006BC447 /* Project+CoreDataProperties.swift */; };
		2C8F175424ABE953002B0352 /* Project.xcdatamodeld in Sources */ = {isa = PBXBuildFile; fileRef = 2C8F175224ABE953002B0352 /* Project.xcdatamodeld */; };
		2C9BB4CC24A9A55400936C1C /* AppDelegate.swift in Sources */ = {isa = PBXBuildFile; fileRef = 2C9BB4CB24A9A55400936C1C /* AppDelegate.swift */; };
		2C9BB4CE24A9A55400936C1C /* SceneDelegate.swift in Sources */ = {isa = PBXBuildFile; fileRef = 2C9BB4CD24A9A55400936C1C /* SceneDelegate.swift */; };
		2C9BB4D024A9A55400936C1C /* ProjectsVC.swift in Sources */ = {isa = PBXBuildFile; fileRef = 2C9BB4CF24A9A55400936C1C /* ProjectsVC.swift */; };
		2C9BB4D324A9A55400936C1C /* Main.storyboard in Resources */ = {isa = PBXBuildFile; fileRef = 2C9BB4D124A9A55400936C1C /* Main.storyboard */; };
		2C9BB4D524A9A55500936C1C /* Assets.xcassets in Resources */ = {isa = PBXBuildFile; fileRef = 2C9BB4D424A9A55500936C1C /* Assets.xcassets */; };
		2C9BB4D824A9A55500936C1C /* LaunchScreen.storyboard in Resources */ = {isa = PBXBuildFile; fileRef = 2C9BB4D624A9A55500936C1C /* LaunchScreen.storyboard */; };
		2C9BB4E524A9B48F00936C1C /* README.md in Resources */ = {isa = PBXBuildFile; fileRef = 2C9BB4E424A9B48F00936C1C /* README.md */; };
		2CA75BD124BEC3480091DB06 /* PreviewVC.swift in Sources */ = {isa = PBXBuildFile; fileRef = 2CA75BD024BEC3480091DB06 /* PreviewVC.swift */; };
		2CEBDFCC24ABF5240097094F /* TasksVC.swift in Sources */ = {isa = PBXBuildFile; fileRef = 2CEBDFCB24ABF5240097094F /* TasksVC.swift */; };
		2CEBDFD024AC19E40097094F /* NewTaskVC.swift in Sources */ = {isa = PBXBuildFile; fileRef = 2CEBDFCF24AC19E40097094F /* NewTaskVC.swift */; };
		2CEBDFD224AC45450097094F /* CustomCell.swift in Sources */ = {isa = PBXBuildFile; fileRef = 2CEBDFD124AC45450097094F /* CustomCell.swift */; };
		2CECFAF824AB0B57006564AA /* UIColor.swift in Sources */ = {isa = PBXBuildFile; fileRef = 2CECFAF724AB0B57006564AA /* UIColor.swift */; };
/* End PBXBuildFile section */

/* Begin PBXFileReference section */
		2C03D0AF24D2928000E00FA5 /* SectionHeader.swift */ = {isa = PBXFileReference; lastKnownFileType = sourcecode.swift; path = SectionHeader.swift; sourceTree = "<group>"; };
		2C37381B24B9762E00E05654 /* UITextField.swift */ = {isa = PBXFileReference; lastKnownFileType = sourcecode.swift; path = UITextField.swift; sourceTree = "<group>"; };
		2C4ED4B524ABD6B800FD05D4 /* CoreDataStack.swift */ = {isa = PBXFileReference; lastKnownFileType = sourcecode.swift; path = CoreDataStack.swift; sourceTree = "<group>"; };
		2C5258D124B2D164005D662D /* ColorGrid.swift */ = {isa = PBXFileReference; lastKnownFileType = sourcecode.swift; path = ColorGrid.swift; sourceTree = "<group>"; };
		2C5258D324B2D4E6005D662D /* NewProjectVC.swift */ = {isa = PBXFileReference; lastKnownFileType = sourcecode.swift; path = NewProjectVC.swift; sourceTree = "<group>"; };
		2C5258D524B2E419005D662D /* CustomColor.swift */ = {isa = PBXFileReference; lastKnownFileType = sourcecode.swift; path = CustomColor.swift; sourceTree = "<group>"; };
		2C8242D124DA7209006BC447 /* Task+CoreDataClass.swift */ = {isa = PBXFileReference; lastKnownFileType = sourcecode.swift; path = "Task+CoreDataClass.swift"; sourceTree = "<group>"; };
		2C8242D224DA7209006BC447 /* Task+CoreDataProperties.swift */ = {isa = PBXFileReference; lastKnownFileType = sourcecode.swift; path = "Task+CoreDataProperties.swift"; sourceTree = "<group>"; };
		2C8242D324DA7209006BC447 /* Project+CoreDataClass.swift */ = {isa = PBXFileReference; lastKnownFileType = sourcecode.swift; path = "Project+CoreDataClass.swift"; sourceTree = "<group>"; };
		2C8242D424DA7209006BC447 /* Project+CoreDataProperties.swift */ = {isa = PBXFileReference; lastKnownFileType = sourcecode.swift; path = "Project+CoreDataProperties.swift"; sourceTree = "<group>"; };
		2C8F175324ABE953002B0352 /* Project.xcdatamodel */ = {isa = PBXFileReference; lastKnownFileType = wrapper.xcdatamodel; path = Project.xcdatamodel; sourceTree = "<group>"; };
		2C9BB4C824A9A55400936C1C /* Taskee App.app */ = {isa = PBXFileReference; explicitFileType = wrapper.application; includeInIndex = 0; path = "Taskee App.app"; sourceTree = BUILT_PRODUCTS_DIR; };
		2C9BB4CB24A9A55400936C1C /* AppDelegate.swift */ = {isa = PBXFileReference; lastKnownFileType = sourcecode.swift; path = AppDelegate.swift; sourceTree = "<group>"; };
		2C9BB4CD24A9A55400936C1C /* SceneDelegate.swift */ = {isa = PBXFileReference; lastKnownFileType = sourcecode.swift; path = SceneDelegate.swift; sourceTree = "<group>"; };
		2C9BB4CF24A9A55400936C1C /* ProjectsVC.swift */ = {isa = PBXFileReference; lastKnownFileType = sourcecode.swift; path = ProjectsVC.swift; sourceTree = "<group>"; };
		2C9BB4D224A9A55400936C1C /* Base */ = {isa = PBXFileReference; lastKnownFileType = file.storyboard; name = Base; path = Base.lproj/Main.storyboard; sourceTree = "<group>"; };
		2C9BB4D424A9A55500936C1C /* Assets.xcassets */ = {isa = PBXFileReference; lastKnownFileType = folder.assetcatalog; path = Assets.xcassets; sourceTree = "<group>"; };
		2C9BB4D724A9A55500936C1C /* Base */ = {isa = PBXFileReference; lastKnownFileType = file.storyboard; name = Base; path = Base.lproj/LaunchScreen.storyboard; sourceTree = "<group>"; };
		2C9BB4D924A9A55500936C1C /* Info.plist */ = {isa = PBXFileReference; lastKnownFileType = text.plist.xml; path = Info.plist; sourceTree = "<group>"; };
		2C9BB4E424A9B48F00936C1C /* README.md */ = {isa = PBXFileReference; fileEncoding = 4; lastKnownFileType = net.daringfireball.markdown; path = README.md; sourceTree = "<group>"; };
		2CA75BD024BEC3480091DB06 /* PreviewVC.swift */ = {isa = PBXFileReference; lastKnownFileType = sourcecode.swift; path = PreviewVC.swift; sourceTree = "<group>"; };
		2CEBDFCB24ABF5240097094F /* TasksVC.swift */ = {isa = PBXFileReference; lastKnownFileType = sourcecode.swift; path = TasksVC.swift; sourceTree = "<group>"; };
		2CEBDFCF24AC19E40097094F /* NewTaskVC.swift */ = {isa = PBXFileReference; lastKnownFileType = sourcecode.swift; path = NewTaskVC.swift; sourceTree = "<group>"; };
		2CEBDFD124AC45450097094F /* CustomCell.swift */ = {isa = PBXFileReference; lastKnownFileType = sourcecode.swift; path = CustomCell.swift; sourceTree = "<group>"; };
		2CECFAF724AB0B57006564AA /* UIColor.swift */ = {isa = PBXFileReference; lastKnownFileType = sourcecode.swift; path = UIColor.swift; sourceTree = "<group>"; };
/* End PBXFileReference section */

/* Begin PBXFrameworksBuildPhase section */
		2C9BB4C524A9A55400936C1C /* Frameworks */ = {
			isa = PBXFrameworksBuildPhase;
			buildActionMask = 2147483647;
			files = (
			);
			runOnlyForDeploymentPostprocessing = 0;
		};
/* End PBXFrameworksBuildPhase section */

/* Begin PBXGroup section */
		2C8F175524ABE95B002B0352 /* Core Data */ = {
			isa = PBXGroup;
			children = (
				2C8242D124DA7209006BC447 /* Task+CoreDataClass.swift */,
				2C8242D224DA7209006BC447 /* Task+CoreDataProperties.swift */,
				2C8242D324DA7209006BC447 /* Project+CoreDataClass.swift */,
				2C8242D424DA7209006BC447 /* Project+CoreDataProperties.swift */,
				2C8F175224ABE953002B0352 /* Project.xcdatamodeld */,
				2C4ED4B524ABD6B800FD05D4 /* CoreDataStack.swift */,
			);
			path = "Core Data";
			sourceTree = "<group>";
		};
		2C9BB4BF24A9A55400936C1C = {
			isa = PBXGroup;
			children = (
				2C9BB4E424A9B48F00936C1C /* README.md */,
				2C9BB4CA24A9A55400936C1C /* Taskee App */,
				2C9BB4C924A9A55400936C1C /* Products */,
			);
			sourceTree = "<group>";
		};
		2C9BB4C924A9A55400936C1C /* Products */ = {
			isa = PBXGroup;
			children = (
				2C9BB4C824A9A55400936C1C /* Taskee App.app */,
			);
			name = Products;
			sourceTree = "<group>";
		};
		2C9BB4CA24A9A55400936C1C /* Taskee App */ = {
			isa = PBXGroup;
			children = (
				2C9BB4CB24A9A55400936C1C /* AppDelegate.swift */,
				2C9BB4CD24A9A55400936C1C /* SceneDelegate.swift */,
				2C8F175524ABE95B002B0352 /* Core Data */,
				2CECFAF924AB0B5B006564AA /* Extensions */,
				2C9BB4E124A9B45F00936C1C /* Controllers */,
				2C9BB4E324A9B47400936C1C /* Model */,
				2C9BB4E224A9B46A00936C1C /* Views */,
				2C9BB4D424A9A55500936C1C /* Assets.xcassets */,
				2C9BB4D624A9A55500936C1C /* LaunchScreen.storyboard */,
				2C9BB4D924A9A55500936C1C /* Info.plist */,
			);
			path = "Taskee App";
			sourceTree = "<group>";
		};
		2C9BB4E124A9B45F00936C1C /* Controllers */ = {
			isa = PBXGroup;
			children = (
				2C9BB4CF24A9A55400936C1C /* ProjectsVC.swift */,
				2C03D0AF24D2928000E00FA5 /* SectionHeader.swift */,
				2C5258D324B2D4E6005D662D /* NewProjectVC.swift */,
				2CEBDFCB24ABF5240097094F /* TasksVC.swift */,
				2CEBDFCF24AC19E40097094F /* NewTaskVC.swift */,
				2CA75BD024BEC3480091DB06 /* PreviewVC.swift */,
			);
			path = Controllers;
			sourceTree = "<group>";
		};
		2C9BB4E224A9B46A00936C1C /* Views */ = {
			isa = PBXGroup;
			children = (
				2C9BB4D124A9A55400936C1C /* Main.storyboard */,
				2CEBDFD124AC45450097094F /* CustomCell.swift */,
				2C5258D124B2D164005D662D /* ColorGrid.swift */,
			);
			path = Views;
			sourceTree = "<group>";
		};
		2C9BB4E324A9B47400936C1C /* Model */ = {
			isa = PBXGroup;
			children = (
				2C5258D524B2E419005D662D /* CustomColor.swift */,
			);
			path = Model;
			sourceTree = "<group>";
		};
		2CECFAF924AB0B5B006564AA /* Extensions */ = {
			isa = PBXGroup;
			children = (
				2CECFAF724AB0B57006564AA /* UIColor.swift */,
				2C37381B24B9762E00E05654 /* UITextField.swift */,
			);
			path = Extensions;
			sourceTree = "<group>";
		};
/* End PBXGroup section */

/* Begin PBXNativeTarget section */
		2C9BB4C724A9A55400936C1C /* Taskee App */ = {
			isa = PBXNativeTarget;
			buildConfigurationList = 2C9BB4DC24A9A55500936C1C /* Build configuration list for PBXNativeTarget "Taskee App" */;
			buildPhases = (
				2C9BB4C424A9A55400936C1C /* Sources */,
				2C9BB4C524A9A55400936C1C /* Frameworks */,
				2C9BB4C624A9A55400936C1C /* Resources */,
			);
			buildRules = (
			);
			dependencies = (
			);
			name = "Taskee App";
			productName = "Taskee App";
			productReference = 2C9BB4C824A9A55400936C1C /* Taskee App.app */;
			productType = "com.apple.product-type.application";
		};
/* End PBXNativeTarget section */

/* Begin PBXProject section */
		2C9BB4C024A9A55400936C1C /* Project object */ = {
			isa = PBXProject;
			attributes = {
				LastSwiftUpdateCheck = 1150;
				LastUpgradeCheck = 1150;
				ORGANIZATIONNAME = "Make School";
				TargetAttributes = {
					2C9BB4C724A9A55400936C1C = {
						CreatedOnToolsVersion = 11.5;
					};
				};
			};
			buildConfigurationList = 2C9BB4C324A9A55400936C1C /* Build configuration list for PBXProject "Taskee App" */;
			compatibilityVersion = "Xcode 9.3";
			developmentRegion = en;
			hasScannedForEncodings = 0;
			knownRegions = (
				en,
				Base,
			);
			mainGroup = 2C9BB4BF24A9A55400936C1C;
			productRefGroup = 2C9BB4C924A9A55400936C1C /* Products */;
			projectDirPath = "";
			projectRoot = "";
			targets = (
				2C9BB4C724A9A55400936C1C /* Taskee App */,
			);
		};
/* End PBXProject section */

/* Begin PBXResourcesBuildPhase section */
		2C9BB4C624A9A55400936C1C /* Resources */ = {
			isa = PBXResourcesBuildPhase;
			buildActionMask = 2147483647;
			files = (
				2C9BB4D824A9A55500936C1C /* LaunchScreen.storyboard in Resources */,
				2C9BB4D524A9A55500936C1C /* Assets.xcassets in Resources */,
				2C9BB4E524A9B48F00936C1C /* README.md in Resources */,
				2C9BB4D324A9A55400936C1C /* Main.storyboard in Resources */,
			);
			runOnlyForDeploymentPostprocessing = 0;
		};
/* End PBXResourcesBuildPhase section */

/* Begin PBXSourcesBuildPhase section */
		2C9BB4C424A9A55400936C1C /* Sources */ = {
			isa = PBXSourcesBuildPhase;
			buildActionMask = 2147483647;
			files = (
				2CECFAF824AB0B57006564AA /* UIColor.swift in Sources */,
				2C5258D224B2D164005D662D /* ColorGrid.swift in Sources */,
				2C8F175424ABE953002B0352 /* Project.xcdatamodeld in Sources */,
				2C8242D824DA7209006BC447 /* Project+CoreDataProperties.swift in Sources */,
				2C8242D724DA7209006BC447 /* Project+CoreDataClass.swift in Sources */,
				2C5258D424B2D4E6005D662D /* NewProjectVC.swift in Sources */,
				2CEBDFD024AC19E40097094F /* NewTaskVC.swift in Sources */,
				2C9BB4D024A9A55400936C1C /* ProjectsVC.swift in Sources */,
				2C9BB4CC24A9A55400936C1C /* AppDelegate.swift in Sources */,
				2CEBDFD224AC45450097094F /* CustomCell.swift in Sources */,
				2C03D0B024D2928000E00FA5 /* SectionHeader.swift in Sources */,
				2CEBDFCC24ABF5240097094F /* TasksVC.swift in Sources */,
				2C8242D624DA7209006BC447 /* Task+CoreDataProperties.swift in Sources */,
				2C8242D524DA7209006BC447 /* Task+CoreDataClass.swift in Sources */,
				2C4ED4B624ABD6B800FD05D4 /* CoreDataStack.swift in Sources */,
				2C5258D624B2E419005D662D /* CustomColor.swift in Sources */,
				2C37381C24B9762E00E05654 /* UITextField.swift in Sources */,
				2C9BB4CE24A9A55400936C1C /* SceneDelegate.swift in Sources */,
				2CA75BD124BEC3480091DB06 /* PreviewVC.swift in Sources */,
			);
			runOnlyForDeploymentPostprocessing = 0;
		};
/* End PBXSourcesBuildPhase section */

/* Begin PBXVariantGroup section */
		2C9BB4D124A9A55400936C1C /* Main.storyboard */ = {
			isa = PBXVariantGroup;
			children = (
				2C9BB4D224A9A55400936C1C /* Base */,
			);
			name = Main.storyboard;
			sourceTree = "<group>";
		};
		2C9BB4D624A9A55500936C1C /* LaunchScreen.storyboard */ = {
			isa = PBXVariantGroup;
			children = (
				2C9BB4D724A9A55500936C1C /* Base */,
			);
			name = LaunchScreen.storyboard;
			sourceTree = "<group>";
		};
/* End PBXVariantGroup section */

/* Begin XCBuildConfiguration section */
		2C9BB4DA24A9A55500936C1C /* Debug */ = {
			isa = XCBuildConfiguration;
			buildSettings = {
				ALWAYS_SEARCH_USER_PATHS = NO;
				CLANG_ANALYZER_NONNULL = YES;
				CLANG_ANALYZER_NUMBER_OBJECT_CONVERSION = YES_AGGRESSIVE;
				CLANG_CXX_LANGUAGE_STANDARD = "gnu++14";
				CLANG_CXX_LIBRARY = "libc++";
				CLANG_ENABLE_MODULES = YES;
				CLANG_ENABLE_OBJC_ARC = YES;
				CLANG_ENABLE_OBJC_WEAK = YES;
				CLANG_WARN_BLOCK_CAPTURE_AUTORELEASING = YES;
				CLANG_WARN_BOOL_CONVERSION = YES;
				CLANG_WARN_COMMA = YES;
				CLANG_WARN_CONSTANT_CONVERSION = YES;
				CLANG_WARN_DEPRECATED_OBJC_IMPLEMENTATIONS = YES;
				CLANG_WARN_DIRECT_OBJC_ISA_USAGE = YES_ERROR;
				CLANG_WARN_DOCUMENTATION_COMMENTS = YES;
				CLANG_WARN_EMPTY_BODY = YES;
				CLANG_WARN_ENUM_CONVERSION = YES;
				CLANG_WARN_INFINITE_RECURSION = YES;
				CLANG_WARN_INT_CONVERSION = YES;
				CLANG_WARN_NON_LITERAL_NULL_CONVERSION = YES;
				CLANG_WARN_OBJC_IMPLICIT_RETAIN_SELF = YES;
				CLANG_WARN_OBJC_LITERAL_CONVERSION = YES;
				CLANG_WARN_OBJC_ROOT_CLASS = YES_ERROR;
				CLANG_WARN_RANGE_LOOP_ANALYSIS = YES;
				CLANG_WARN_STRICT_PROTOTYPES = YES;
				CLANG_WARN_SUSPICIOUS_MOVE = YES;
				CLANG_WARN_UNGUARDED_AVAILABILITY = YES_AGGRESSIVE;
				CLANG_WARN_UNREACHABLE_CODE = YES;
				CLANG_WARN__DUPLICATE_METHOD_MATCH = YES;
				COPY_PHASE_STRIP = NO;
				DEBUG_INFORMATION_FORMAT = dwarf;
				ENABLE_STRICT_OBJC_MSGSEND = YES;
				ENABLE_TESTABILITY = YES;
				GCC_C_LANGUAGE_STANDARD = gnu11;
				GCC_DYNAMIC_NO_PIC = NO;
				GCC_NO_COMMON_BLOCKS = YES;
				GCC_OPTIMIZATION_LEVEL = 0;
				GCC_PREPROCESSOR_DEFINITIONS = (
					"DEBUG=1",
					"$(inherited)",
				);
				GCC_WARN_64_TO_32_BIT_CONVERSION = YES;
				GCC_WARN_ABOUT_RETURN_TYPE = YES_ERROR;
				GCC_WARN_UNDECLARED_SELECTOR = YES;
				GCC_WARN_UNINITIALIZED_AUTOS = YES_AGGRESSIVE;
				GCC_WARN_UNUSED_FUNCTION = YES;
				GCC_WARN_UNUSED_VARIABLE = YES;
				IPHONEOS_DEPLOYMENT_TARGET = 13.5;
				MTL_ENABLE_DEBUG_INFO = INCLUDE_SOURCE;
				MTL_FAST_MATH = YES;
				ONLY_ACTIVE_ARCH = YES;
				SDKROOT = iphoneos;
				SWIFT_ACTIVE_COMPILATION_CONDITIONS = DEBUG;
				SWIFT_OPTIMIZATION_LEVEL = "-Onone";
			};
			name = Debug;
		};
		2C9BB4DB24A9A55500936C1C /* Release */ = {
			isa = XCBuildConfiguration;
			buildSettings = {
				ALWAYS_SEARCH_USER_PATHS = NO;
				CLANG_ANALYZER_NONNULL = YES;
				CLANG_ANALYZER_NUMBER_OBJECT_CONVERSION = YES_AGGRESSIVE;
				CLANG_CXX_LANGUAGE_STANDARD = "gnu++14";
				CLANG_CXX_LIBRARY = "libc++";
				CLANG_ENABLE_MODULES = YES;
				CLANG_ENABLE_OBJC_ARC = YES;
				CLANG_ENABLE_OBJC_WEAK = YES;
				CLANG_WARN_BLOCK_CAPTURE_AUTORELEASING = YES;
				CLANG_WARN_BOOL_CONVERSION = YES;
				CLANG_WARN_COMMA = YES;
				CLANG_WARN_CONSTANT_CONVERSION = YES;
				CLANG_WARN_DEPRECATED_OBJC_IMPLEMENTATIONS = YES;
				CLANG_WARN_DIRECT_OBJC_ISA_USAGE = YES_ERROR;
				CLANG_WARN_DOCUMENTATION_COMMENTS = YES;
				CLANG_WARN_EMPTY_BODY = YES;
				CLANG_WARN_ENUM_CONVERSION = YES;
				CLANG_WARN_INFINITE_RECURSION = YES;
				CLANG_WARN_INT_CONVERSION = YES;
				CLANG_WARN_NON_LITERAL_NULL_CONVERSION = YES;
				CLANG_WARN_OBJC_IMPLICIT_RETAIN_SELF = YES;
				CLANG_WARN_OBJC_LITERAL_CONVERSION = YES;
				CLANG_WARN_OBJC_ROOT_CLASS = YES_ERROR;
				CLANG_WARN_RANGE_LOOP_ANALYSIS = YES;
				CLANG_WARN_STRICT_PROTOTYPES = YES;
				CLANG_WARN_SUSPICIOUS_MOVE = YES;
				CLANG_WARN_UNGUARDED_AVAILABILITY = YES_AGGRESSIVE;
				CLANG_WARN_UNREACHABLE_CODE = YES;
				CLANG_WARN__DUPLICATE_METHOD_MATCH = YES;
				COPY_PHASE_STRIP = NO;
				DEBUG_INFORMATION_FORMAT = "dwarf-with-dsym";
				ENABLE_NS_ASSERTIONS = NO;
				ENABLE_STRICT_OBJC_MSGSEND = YES;
				GCC_C_LANGUAGE_STANDARD = gnu11;
				GCC_NO_COMMON_BLOCKS = YES;
				GCC_WARN_64_TO_32_BIT_CONVERSION = YES;
				GCC_WARN_ABOUT_RETURN_TYPE = YES_ERROR;
				GCC_WARN_UNDECLARED_SELECTOR = YES;
				GCC_WARN_UNINITIALIZED_AUTOS = YES_AGGRESSIVE;
				GCC_WARN_UNUSED_FUNCTION = YES;
				GCC_WARN_UNUSED_VARIABLE = YES;
				IPHONEOS_DEPLOYMENT_TARGET = 13.5;
				MTL_ENABLE_DEBUG_INFO = NO;
				MTL_FAST_MATH = YES;
				SDKROOT = iphoneos;
				SWIFT_COMPILATION_MODE = wholemodule;
				SWIFT_OPTIMIZATION_LEVEL = "-O";
				VALIDATE_PRODUCT = YES;
			};
			name = Release;
		};
		2C9BB4DD24A9A55500936C1C /* Debug */ = {
			isa = XCBuildConfiguration;
			buildSettings = {
				ASSETCATALOG_COMPILER_APPICON_NAME = AppIcon;
				CODE_SIGN_STYLE = Automatic;
				INFOPLIST_FILE = "Taskee App/Info.plist";
				LD_RUNPATH_SEARCH_PATHS = (
					"$(inherited)",
					"@executable_path/Frameworks",
				);
				PRODUCT_BUNDLE_IDENTIFIER = "com.makeschool.Taskee-App";
				PRODUCT_NAME = "$(TARGET_NAME)";
				SWIFT_VERSION = 5.0;
				TARGETED_DEVICE_FAMILY = "1,2";
			};
			name = Debug;
		};
		2C9BB4DE24A9A55500936C1C /* Release */ = {
			isa = XCBuildConfiguration;
			buildSettings = {
				ASSETCATALOG_COMPILER_APPICON_NAME = AppIcon;
				CODE_SIGN_STYLE = Automatic;
				INFOPLIST_FILE = "Taskee App/Info.plist";
				LD_RUNPATH_SEARCH_PATHS = (
					"$(inherited)",
					"@executable_path/Frameworks",
				);
				PRODUCT_BUNDLE_IDENTIFIER = "com.makeschool.Taskee-App";
				PRODUCT_NAME = "$(TARGET_NAME)";
				SWIFT_VERSION = 5.0;
				TARGETED_DEVICE_FAMILY = "1,2";
			};
			name = Release;
		};
/* End XCBuildConfiguration section */

/* Begin XCConfigurationList section */
		2C9BB4C324A9A55400936C1C /* Build configuration list for PBXProject "Taskee App" */ = {
			isa = XCConfigurationList;
			buildConfigurations = (
				2C9BB4DA24A9A55500936C1C /* Debug */,
				2C9BB4DB24A9A55500936C1C /* Release */,
			);
			defaultConfigurationIsVisible = 0;
			defaultConfigurationName = Release;
		};
		2C9BB4DC24A9A55500936C1C /* Build configuration list for PBXNativeTarget "Taskee App" */ = {
			isa = XCConfigurationList;
			buildConfigurations = (
				2C9BB4DD24A9A55500936C1C /* Debug */,
				2C9BB4DE24A9A55500936C1C /* Release */,
			);
			defaultConfigurationIsVisible = 0;
			defaultConfigurationName = Release;
		};
/* End XCConfigurationList section */

/* Begin XCVersionGroup section */
		2C8F175224ABE953002B0352 /* Project.xcdatamodeld */ = {
			isa = XCVersionGroup;
			children = (
				2C8F175324ABE953002B0352 /* Project.xcdatamodel */,
			);
			currentVersion = 2C8F175324ABE953002B0352 /* Project.xcdatamodel */;
			path = Project.xcdatamodeld;
			sourceTree = "<group>";
			versionGroupType = wrapper.xcdatamodel;
		};
/* End XCVersionGroup section */
	};
	rootObject = 2C9BB4C024A9A55400936C1C /* Project object */;
}
